// !$*UTF8*$!
{
	archiveVersion = 1;
	classes = {
	};
	objectVersion = 46;
	objects = {

/* Begin PBXBuildFile section */
		BA624FEE1B58A21200A14DCB /* main.m in Sources */ = {isa = PBXBuildFile; fileRef = BA624FED1B58A21200A14DCB /* main.m */; };
		BA624FF11B58A21200A14DCB /* AppDelegate.m in Sources */ = {isa = PBXBuildFile; fileRef = BA624FF01B58A21200A14DCB /* AppDelegate.m */; };
		BA624FF41B58A21200A14DCB /* GameScene.m in Sources */ = {isa = PBXBuildFile; fileRef = BA624FF31B58A21200A14DCB /* GameScene.m */; };
		BA624FF61B58A21200A14DCB /* GameScene.sks in Resources */ = {isa = PBXBuildFile; fileRef = BA624FF51B58A21200A14DCB /* GameScene.sks */; };
		BA624FF91B58A21200A14DCB /* GameViewController.m in Sources */ = {isa = PBXBuildFile; fileRef = BA624FF81B58A21200A14DCB /* GameViewController.m */; };
		BA624FFC1B58A21200A14DCB /* Main.storyboard in Resources */ = {isa = PBXBuildFile; fileRef = BA624FFA1B58A21200A14DCB /* Main.storyboard */; };
		BA624FFE1B58A21200A14DCB /* Images.xcassets in Resources */ = {isa = PBXBuildFile; fileRef = BA624FFD1B58A21200A14DCB /* Images.xcassets */; };
		BA6250011B58A21200A14DCB /* LaunchScreen.xib in Resources */ = {isa = PBXBuildFile; fileRef = BA624FFF1B58A21200A14DCB /* LaunchScreen.xib */; };
		BA62500D1B58A21200A14DCB /* MGDProject2Tests.m in Sources */ = {isa = PBXBuildFile; fileRef = BA62500C1B58A21200A14DCB /* MGDProject2Tests.m */; };
		BA62501D1B58A4C300A14DCB /* MainBall2.png in Resources */ = {isa = PBXBuildFile; fileRef = BA6250161B58A4C300A14DCB /* MainBall2.png */; };
		BA62501E1B58A4C300A14DCB /* brick4.png in Resources */ = {isa = PBXBuildFile; fileRef = BA6250171B58A4C300A14DCB /* brick4.png */; };
		BA62501F1B58A4C300A14DCB /* brick3.png in Resources */ = {isa = PBXBuildFile; fileRef = BA6250181B58A4C300A14DCB /* brick3.png */; };
		BA6250201B58A4C300A14DCB /* brick2.png in Resources */ = {isa = PBXBuildFile; fileRef = BA6250191B58A4C300A14DCB /* brick2.png */; };
		BA6250211B58A4C300A14DCB /* brick1.png in Resources */ = {isa = PBXBuildFile; fileRef = BA62501A1B58A4C300A14DCB /* brick1.png */; };
		BA6250221B58A4C300A14DCB /* MainBall.png in Resources */ = {isa = PBXBuildFile; fileRef = BA62501B1B58A4C300A14DCB /* MainBall.png */; };
		BA6250231B58A4C300A14DCB /* featherBackground.jpg in Resources */ = {isa = PBXBuildFile; fileRef = BA62501C1B58A4C300A14DCB /* featherBackground.jpg */; };
		BA6250261B58A6FA00A14DCB /* blip.caf in Resources */ = {isa = PBXBuildFile; fileRef = BA6250241B58A6FA00A14DCB /* blip.caf */; };
		BA6250271B58A6FA00A14DCB /* brickhit.caf in Resources */ = {isa = PBXBuildFile; fileRef = BA6250251B58A6FA00A14DCB /* brickhit.caf */; };
/* End PBXBuildFile section */

/* Begin PBXContainerItemProxy section */
		BA6250071B58A21200A14DCB /* PBXContainerItemProxy */ = {
			isa = PBXContainerItemProxy;
			containerPortal = BA624FE01B58A21200A14DCB /* Project object */;
			proxyType = 1;
			remoteGlobalIDString = BA624FE71B58A21200A14DCB;
			remoteInfo = MGDProject2;
		};
/* End PBXContainerItemProxy section */

/* Begin PBXFileReference section */
		BA624FE81B58A21200A14DCB /* MGDProject2.app */ = {isa = PBXFileReference; explicitFileType = wrapper.application; includeInIndex = 0; path = MGDProject2.app; sourceTree = BUILT_PRODUCTS_DIR; };
		BA624FEC1B58A21200A14DCB /* Info.plist */ = {isa = PBXFileReference; lastKnownFileType = text.plist.xml; path = Info.plist; sourceTree = "<group>"; };
		BA624FED1B58A21200A14DCB /* main.m */ = {isa = PBXFileReference; lastKnownFileType = sourcecode.c.objc; path = main.m; sourceTree = "<group>"; };
		BA624FEF1B58A21200A14DCB /* AppDelegate.h */ = {isa = PBXFileReference; lastKnownFileType = sourcecode.c.h; path = AppDelegate.h; sourceTree = "<group>"; };
		BA624FF01B58A21200A14DCB /* AppDelegate.m */ = {isa = PBXFileReference; lastKnownFileType = sourcecode.c.objc; path = AppDelegate.m; sourceTree = "<group>"; };
		BA624FF21B58A21200A14DCB /* GameScene.h */ = {isa = PBXFileReference; lastKnownFileType = sourcecode.c.h; path = GameScene.h; sourceTree = "<group>"; };
		BA624FF31B58A21200A14DCB /* GameScene.m */ = {isa = PBXFileReference; lastKnownFileType = sourcecode.c.objc; path = GameScene.m; sourceTree = "<group>"; };
		BA624FF51B58A21200A14DCB /* GameScene.sks */ = {isa = PBXFileReference; lastKnownFileType = file.sks; path = GameScene.sks; sourceTree = "<group>"; };
		BA624FF71B58A21200A14DCB /* GameViewController.h */ = {isa = PBXFileReference; lastKnownFileType = sourcecode.c.h; path = GameViewController.h; sourceTree = "<group>"; };
		BA624FF81B58A21200A14DCB /* GameViewController.m */ = {isa = PBXFileReference; lastKnownFileType = sourcecode.c.objc; path = GameViewController.m; sourceTree = "<group>"; };
		BA624FFB1B58A21200A14DCB /* Base */ = {isa = PBXFileReference; lastKnownFileType = file.storyboard; name = Base; path = Base.lproj/Main.storyboard; sourceTree = "<group>"; };
		BA624FFD1B58A21200A14DCB /* Images.xcassets */ = {isa = PBXFileReference; lastKnownFileType = folder.assetcatalog; path = Images.xcassets; sourceTree = "<group>"; };
		BA6250001B58A21200A14DCB /* Base */ = {isa = PBXFileReference; lastKnownFileType = file.xib; name = Base; path = Base.lproj/LaunchScreen.xib; sourceTree = "<group>"; };
		BA6250061B58A21200A14DCB /* MGDProject2Tests.xctest */ = {isa = PBXFileReference; explicitFileType = wrapper.cfbundle; includeInIndex = 0; path = MGDProject2Tests.xctest; sourceTree = BUILT_PRODUCTS_DIR; };
		BA62500B1B58A21200A14DCB /* Info.plist */ = {isa = PBXFileReference; lastKnownFileType = text.plist.xml; path = Info.plist; sourceTree = "<group>"; };
		BA62500C1B58A21200A14DCB /* MGDProject2Tests.m */ = {isa = PBXFileReference; lastKnownFileType = sourcecode.c.objc; path = MGDProject2Tests.m; sourceTree = "<group>"; };
		BA6250161B58A4C300A14DCB /* MainBall2.png */ = {isa = PBXFileReference; lastKnownFileType = image.png; name = MainBall2.png; path = ../MainBall2.png; sourceTree = "<group>"; };
		BA6250171B58A4C300A14DCB /* brick4.png */ = {isa = PBXFileReference; lastKnownFileType = image.png; name = brick4.png; path = ../brick4.png; sourceTree = "<group>"; };
		BA6250181B58A4C300A14DCB /* brick3.png */ = {isa = PBXFileReference; lastKnownFileType = image.png; name = brick3.png; path = ../brick3.png; sourceTree = "<group>"; };
		BA6250191B58A4C300A14DCB /* brick2.png */ = {isa = PBXFileReference; lastKnownFileType = image.png; name = brick2.png; path = ../brick2.png; sourceTree = "<group>"; };
		BA62501A1B58A4C300A14DCB /* brick1.png */ = {isa = PBXFileReference; lastKnownFileType = image.png; name = brick1.png; path = ../brick1.png; sourceTree = "<group>"; };
		BA62501B1B58A4C300A14DCB /* MainBall.png */ = {isa = PBXFileReference; lastKnownFileType = image.png; name = MainBall.png; path = ../MainBall.png; sourceTree = "<group>"; };
		BA62501C1B58A4C300A14DCB /* featherBackground.jpg */ = {isa = PBXFileReference; lastKnownFileType = image.jpeg; name = featherBackground.jpg; path = ../featherBackground.jpg; sourceTree = "<group>"; };
		BA6250241B58A6FA00A14DCB /* blip.caf */ = {isa = PBXFileReference; lastKnownFileType = file; name = blip.caf; path = ../blip.caf; sourceTree = "<group>"; };
		BA6250251B58A6FA00A14DCB /* brickhit.caf */ = {isa = PBXFileReference; lastKnownFileType = file; name = brickhit.caf; path = ../brickhit.caf; sourceTree = "<group>"; };
/* End PBXFileReference section */

/* Begin PBXFrameworksBuildPhase section */
		BA624FE51B58A21200A14DCB /* Frameworks */ = {
			isa = PBXFrameworksBuildPhase;
			buildActionMask = 2147483647;
			files = (
			);
			runOnlyForDeploymentPostprocessing = 0;
		};
		BA6250031B58A21200A14DCB /* Frameworks */ = {
			isa = PBXFrameworksBuildPhase;
			buildActionMask = 2147483647;
			files = (
			);
			runOnlyForDeploymentPostprocessing = 0;
		};
/* End PBXFrameworksBuildPhase section */

/* Begin PBXGroup section */
		BA624FDF1B58A21200A14DCB = {
			isa = PBXGroup;
			children = (
				BA624FEA1B58A21200A14DCB /* MGDProject2 */,
				BA6250091B58A21200A14DCB /* MGDProject2Tests */,
				BA624FE91B58A21200A14DCB /* Products */,
			);
			sourceTree = "<group>";
		};
		BA624FE91B58A21200A14DCB /* Products */ = {
			isa = PBXGroup;
			children = (
				BA624FE81B58A21200A14DCB /* MGDProject2.app */,
				BA6250061B58A21200A14DCB /* MGDProject2Tests.xctest */,
			);
			name = Products;
			sourceTree = "<group>";
		};
		BA624FEA1B58A21200A14DCB /* MGDProject2 */ = {
			isa = PBXGroup;
			children = (
				BA624FEF1B58A21200A14DCB /* AppDelegate.h */,
				BA624FF01B58A21200A14DCB /* AppDelegate.m */,
				BA624FF21B58A21200A14DCB /* GameScene.h */,
				BA624FF31B58A21200A14DCB /* GameScene.m */,
				BA624FF51B58A21200A14DCB /* GameScene.sks */,
				BA624FF71B58A21200A14DCB /* GameViewController.h */,
				BA624FF81B58A21200A14DCB /* GameViewController.m */,
				BA6250161B58A4C300A14DCB /* MainBall2.png */,
				BA6250171B58A4C300A14DCB /* brick4.png */,
				BA6250181B58A4C300A14DCB /* brick3.png */,
				BA6250191B58A4C300A14DCB /* brick2.png */,
				BA62501A1B58A4C300A14DCB /* brick1.png */,
				BA62501B1B58A4C300A14DCB /* MainBall.png */,
				BA62501C1B58A4C300A14DCB /* featherBackground.jpg */,
				BA6250241B58A6FA00A14DCB /* blip.caf */,
				BA6250251B58A6FA00A14DCB /* brickhit.caf */,
				BA624FFA1B58A21200A14DCB /* Main.storyboard */,
				BA624FFD1B58A21200A14DCB /* Images.xcassets */,
				BA624FFF1B58A21200A14DCB /* LaunchScreen.xib */,
				BA624FEB1B58A21200A14DCB /* Supporting Files */,
			);
			path = MGDProject2;
			sourceTree = "<group>";
		};
		BA624FEB1B58A21200A14DCB /* Supporting Files */ = {
			isa = PBXGroup;
			children = (
				BA624FEC1B58A21200A14DCB /* Info.plist */,
				BA624FED1B58A21200A14DCB /* main.m */,
			);
			name = "Supporting Files";
			sourceTree = "<group>";
		};
		BA6250091B58A21200A14DCB /* MGDProject2Tests */ = {
			isa = PBXGroup;
			children = (
				BA62500C1B58A21200A14DCB /* MGDProject2Tests.m */,
				BA62500A1B58A21200A14DCB /* Supporting Files */,
			);
			path = MGDProject2Tests;
			sourceTree = "<group>";
		};
		BA62500A1B58A21200A14DCB /* Supporting Files */ = {
			isa = PBXGroup;
			children = (
				BA62500B1B58A21200A14DCB /* Info.plist */,
			);
			name = "Supporting Files";
			sourceTree = "<group>";
		};
/* End PBXGroup section */

/* Begin PBXNativeTarget section */
		BA624FE71B58A21200A14DCB /* MGDProject2 */ = {
			isa = PBXNativeTarget;
			buildConfigurationList = BA6250101B58A21200A14DCB /* Build configuration list for PBXNativeTarget "MGDProject2" */;
			buildPhases = (
				BA624FE41B58A21200A14DCB /* Sources */,
				BA624FE51B58A21200A14DCB /* Frameworks */,
				BA624FE61B58A21200A14DCB /* Resources */,
			);
			buildRules = (
			);
			dependencies = (
			);
			name = MGDProject2;
			productName = MGDProject2;
			productReference = BA624FE81B58A21200A14DCB /* MGDProject2.app */;
			productType = "com.apple.product-type.application";
		};
		BA6250051B58A21200A14DCB /* MGDProject2Tests */ = {
			isa = PBXNativeTarget;
			buildConfigurationList = BA6250131B58A21200A14DCB /* Build configuration list for PBXNativeTarget "MGDProject2Tests" */;
			buildPhases = (
				BA6250021B58A21200A14DCB /* Sources */,
				BA6250031B58A21200A14DCB /* Frameworks */,
				BA6250041B58A21200A14DCB /* Resources */,
			);
			buildRules = (
			);
			dependencies = (
				BA6250081B58A21200A14DCB /* PBXTargetDependency */,
			);
			name = MGDProject2Tests;
			productName = MGDProject2Tests;
			productReference = BA6250061B58A21200A14DCB /* MGDProject2Tests.xctest */;
			productType = "com.apple.product-type.bundle.unit-test";
		};
/* End PBXNativeTarget section */

/* Begin PBXProject section */
		BA624FE01B58A21200A14DCB /* Project object */ = {
			isa = PBXProject;
			attributes = {
				LastUpgradeCheck = 0640;
				ORGANIZATIONNAME = "Brenna Pavlinchak";
				TargetAttributes = {
					BA624FE71B58A21200A14DCB = {
						CreatedOnToolsVersion = 6.4;
					};
					BA6250051B58A21200A14DCB = {
						CreatedOnToolsVersion = 6.4;
						TestTargetID = BA624FE71B58A21200A14DCB;
					};
				};
			};
			buildConfigurationList = BA624FE31B58A21200A14DCB /* Build configuration list for PBXProject "MGDProject2" */;
			compatibilityVersion = "Xcode 3.2";
			developmentRegion = English;
			hasScannedForEncodings = 0;
			knownRegions = (
				en,
				Base,
			);
			mainGroup = BA624FDF1B58A21200A14DCB;
			productRefGroup = BA624FE91B58A21200A14DCB /* Products */;
			projectDirPath = "";
			projectRoot = "";
			targets = (
				BA624FE71B58A21200A14DCB /* MGDProject2 */,
				BA6250051B58A21200A14DCB /* MGDProject2Tests */,
			);
		};
/* End PBXProject section */

/* Begin PBXResourcesBuildPhase section */
		BA624FE61B58A21200A14DCB /* Resources */ = {
			isa = PBXResourcesBuildPhase;
			buildActionMask = 2147483647;
			files = (
				BA62501E1B58A4C300A14DCB /* brick4.png in Resources */,
				BA62501D1B58A4C300A14DCB /* MainBall2.png in Resources */,
				BA6250231B58A4C300A14DCB /* featherBackground.jpg in Resources */,
				BA6250261B58A6FA00A14DCB /* blip.caf in Resources */,
				BA6250201B58A4C300A14DCB /* brick2.png in Resources */,
				BA6250271B58A6FA00A14DCB /* brickhit.caf in Resources */,
				BA6250011B58A21200A14DCB /* LaunchScreen.xib in Resources */,
				BA624FFE1B58A21200A14DCB /* Images.xcassets in Resources */,
				BA6250221B58A4C300A14DCB /* MainBall.png in Resources */,
				BA62501F1B58A4C300A14DCB /* brick3.png in Resources */,
				BA6250211B58A4C300A14DCB /* brick1.png in Resources */,
				BA624FF61B58A21200A14DCB /* GameScene.sks in Resources */,
				BA624FFC1B58A21200A14DCB /* Main.storyboard in Resources */,
			);
			runOnlyForDeploymentPostprocessing = 0;
		};
		BA6250041B58A21200A14DCB /* Resources */ = {
			isa = PBXResourcesBuildPhase;
			buildActionMask = 2147483647;
			files = (
			);
			runOnlyForDeploymentPostprocessing = 0;
		};
/* End PBXResourcesBuildPhase section */

/* Begin PBXSourcesBuildPhase section */
		BA624FE41B58A21200A14DCB /* Sources */ = {
			isa = PBXSourcesBuildPhase;
			buildActionMask = 2147483647;
			files = (
				BA624FF91B58A21200A14DCB /* GameViewController.m in Sources */,
				BA624FF11B58A21200A14DCB /* AppDelegate.m in Sources */,
				BA624FF41B58A21200A14DCB /* GameScene.m in Sources */,
				BA624FEE1B58A21200A14DCB /* main.m in Sources */,
			);
			runOnlyForDeploymentPostprocessing = 0;
		};
		BA6250021B58A21200A14DCB /* Sources */ = {
			isa = PBXSourcesBuildPhase;
			buildActionMask = 2147483647;
			files = (
				BA62500D1B58A21200A14DCB /* MGDProject2Tests.m in Sources */,
			);
			runOnlyForDeploymentPostprocessing = 0;
		};
/* End PBXSourcesBuildPhase section */

/* Begin PBXTargetDependency section */
		BA6250081B58A21200A14DCB /* PBXTargetDependency */ = {
			isa = PBXTargetDependency;
			target = BA624FE71B58A21200A14DCB /* MGDProject2 */;
			targetProxy = BA6250071B58A21200A14DCB /* PBXContainerItemProxy */;
		};
/* End PBXTargetDependency section */

/* Begin PBXVariantGroup section */
		BA624FFA1B58A21200A14DCB /* Main.storyboard */ = {
			isa = PBXVariantGroup;
			children = (
				BA624FFB1B58A21200A14DCB /* Base */,
			);
			name = Main.storyboard;
			sourceTree = "<group>";
		};
		BA624FFF1B58A21200A14DCB /* LaunchScreen.xib */ = {
			isa = PBXVariantGroup;
			children = (
				BA6250001B58A21200A14DCB /* Base */,
			);
			name = LaunchScreen.xib;
			sourceTree = "<group>";
		};
/* End PBXVariantGroup section */

/* Begin XCBuildConfiguration section */
		BA62500E1B58A21200A14DCB /* Debug */ = {
			isa = XCBuildConfiguration;
			buildSettings = {
				ALWAYS_SEARCH_USER_PATHS = NO;
				CLANG_CXX_LANGUAGE_STANDARD = "gnu++0x";
				CLANG_CXX_LIBRARY = "libc++";
				CLANG_ENABLE_MODULES = YES;
				CLANG_ENABLE_OBJC_ARC = YES;
				CLANG_WARN_BOOL_CONVERSION = YES;
				CLANG_WARN_CONSTANT_CONVERSION = YES;
				CLANG_WARN_DIRECT_OBJC_ISA_USAGE = YES_ERROR;
				CLANG_WARN_EMPTY_BODY = YES;
				CLANG_WARN_ENUM_CONVERSION = YES;
				CLANG_WARN_INT_CONVERSION = YES;
				CLANG_WARN_OBJC_ROOT_CLASS = YES_ERROR;
				CLANG_WARN_UNREACHABLE_CODE = YES;
				CLANG_WARN__DUPLICATE_METHOD_MATCH = YES;
				"CODE_SIGN_IDENTITY[sdk=iphoneos*]" = "iPhone Developer";
				COPY_PHASE_STRIP = NO;
				DEBUG_INFORMATION_FORMAT = "dwarf-with-dsym";
				ENABLE_STRICT_OBJC_MSGSEND = YES;
				GCC_C_LANGUAGE_STANDARD = gnu99;
				GCC_DYNAMIC_NO_PIC = NO;
				GCC_NO_COMMON_BLOCKS = YES;
				GCC_OPTIMIZATION_LEVEL = 0;
				GCC_PREPROCESSOR_DEFINITIONS = (
					"DEBUG=1",
					"$(inherited)",
				);
				GCC_SYMBOLS_PRIVATE_EXTERN = NO;
				GCC_WARN_64_TO_32_BIT_CONVERSION = YES;
				GCC_WARN_ABOUT_RETURN_TYPE = YES_ERROR;
				GCC_WARN_UNDECLARED_SELECTOR = YES;
				GCC_WARN_UNINITIALIZED_AUTOS = YES_AGGRESSIVE;
				GCC_WARN_UNUSED_FUNCTION = YES;
				GCC_WARN_UNUSED_VARIABLE = YES;
				IPHONEOS_DEPLOYMENT_TARGET = 8.4;
				MTL_ENABLE_DEBUG_INFO = YES;
				ONLY_ACTIVE_ARCH = YES;
				SDKROOT = iphoneos;
			};
			name = Debug;
		};
		BA62500F1B58A21200A14DCB /* Release */ = {
			isa = XCBuildConfiguration;
			buildSettings = {
				ALWAYS_SEARCH_USER_PATHS = NO;
				CLANG_CXX_LANGUAGE_STANDARD = "gnu++0x";
				CLANG_CXX_LIBRARY = "libc++";
				CLANG_ENABLE_MODULES = YES;
				CLANG_ENABLE_OBJC_ARC = YES;
				CLANG_WARN_BOOL_CONVERSION = YES;
				CLANG_WARN_CONSTANT_CONVERSION = YES;
				CLANG_WARN_DIRECT_OBJC_ISA_USAGE = YES_ERROR;
				CLANG_WARN_EMPTY_BODY = YES;
				CLANG_WARN_ENUM_CONVERSION = YES;
				CLANG_WARN_INT_CONVERSION = YES;
				CLANG_WARN_OBJC_ROOT_CLASS = YES_ERROR;
				CLANG_WARN_UNREACHABLE_CODE = YES;
				CLANG_WARN__DUPLICATE_METHOD_MATCH = YES;
				"CODE_SIGN_IDENTITY[sdk=iphoneos*]" = "iPhone Developer";
				COPY_PHASE_STRIP = NO;
				DEBUG_INFORMATION_FORMAT = "dwarf-with-dsym";
				ENABLE_NS_ASSERTIONS = NO;
				ENABLE_STRICT_OBJC_MSGSEND = YES;
				GCC_C_LANGUAGE_STANDARD = gnu99;
				GCC_NO_COMMON_BLOCKS = YES;
				GCC_WARN_64_TO_32_BIT_CONVERSION = YES;
				GCC_WARN_ABOUT_RETURN_TYPE = YES_ERROR;
				GCC_WARN_UNDECLARED_SELECTOR = YES;
				GCC_WARN_UNINITIALIZED_AUTOS = YES_AGGRESSIVE;
				GCC_WARN_UNUSED_FUNCTION = YES;
				GCC_WARN_UNUSED_VARIABLE = YES;
				IPHONEOS_DEPLOYMENT_TARGET = 8.4;
				MTL_ENABLE_DEBUG_INFO = NO;
				SDKROOT = iphoneos;
				VALIDATE_PRODUCT = YES;
			};
			name = Release;
		};
		BA6250111B58A21200A14DCB /* Debug */ = {
			isa = XCBuildConfiguration;
			buildSettings = {
				ASSETCATALOG_COMPILER_APPICON_NAME = AppIcon;
				INFOPLIST_FILE = MGDProject2/Info.plist;
				LD_RUNPATH_SEARCH_PATHS = "$(inherited) @executable_path/Frameworks";
				PRODUCT_NAME = "$(TARGET_NAME)";
			};
			name = Debug;
		};
		BA6250121B58A21200A14DCB /* Release */ = {
			isa = XCBuildConfiguration;
			buildSettings = {
				ASSETCATALOG_COMPILER_APPICON_NAME = AppIcon;
				INFOPLIST_FILE = MGDProject2/Info.plist;
				LD_RUNPATH_SEARCH_PATHS = "$(inherited) @executable_path/Frameworks";
				PRODUCT_NAME = "$(TARGET_NAME)";
			};
			name = Release;
		};
		BA6250141B58A21200A14DCB /* Debug */ = {
			isa = XCBuildConfiguration;
			buildSettings = {
				BUNDLE_LOADER = "$(TEST_HOST)";
				FRAMEWORK_SEARCH_PATHS = (
					"$(SDKROOT)/Developer/Library/Frameworks",
					"$(inherited)",
				);
				GCC_PREPROCESSOR_DEFINITIONS = (
					"DEBUG=1",
					"$(inherited)",
				);
				INFOPLIST_FILE = MGDProject2Tests/Info.plist;
				LD_RUNPATH_SEARCH_PATHS = "$(inherited) @executable_path/Frameworks @loader_path/Frameworks";
				PRODUCT_NAME = "$(TARGET_NAME)";
				TEST_HOST = "$(BUILT_PRODUCTS_DIR)/MGDProject2.app/MGDProject2";
			};
			name = Debug;
		};
		BA6250151B58A21200A14DCB /* Release */ = {
			isa = XCBuildConfiguration;
			buildSettings = {
				BUNDLE_LOADER = "$(TEST_HOST)";
				FRAMEWORK_SEARCH_PATHS = (
					"$(SDKROOT)/Developer/Library/Frameworks",
					"$(inherited)",
				);
				INFOPLIST_FILE = MGDProject2Tests/Info.plist;
				LD_RUNPATH_SEARCH_PATHS = "$(inherited) @executable_path/Frameworks @loader_path/Frameworks";
				PRODUCT_NAME = "$(TARGET_NAME)";
				TEST_HOST = "$(BUILT_PRODUCTS_DIR)/MGDProject2.app/MGDProject2";
			};
			name = Release;
		};
/* End XCBuildConfiguration section */

/* Begin XCConfigurationList section */
		BA624FE31B58A21200A14DCB /* Build configuration list for PBXProject "MGDProject2" */ = {
			isa = XCConfigurationList;
			buildConfigurations = (
				BA62500E1B58A21200A14DCB /* Debug */,
				BA62500F1B58A21200A14DCB /* Release */,
			);
			defaultConfigurationIsVisible = 0;
			defaultConfigurationName = Release;
		};
		BA6250101B58A21200A14DCB /* Build configuration list for PBXNativeTarget "MGDProject2" */ = {
			isa = XCConfigurationList;
			buildConfigurations = (
				BA6250111B58A21200A14DCB /* Debug */,
				BA6250121B58A21200A14DCB /* Release */,
			);
			defaultConfigurationIsVisible = 0;
			defaultConfigurationName = Release;
		};
		BA6250131B58A21200A14DCB /* Build configuration list for PBXNativeTarget "MGDProject2Tests" */ = {
			isa = XCConfigurationList;
			buildConfigurations = (
				BA6250141B58A21200A14DCB /* Debug */,
				BA6250151B58A21200A14DCB /* Release */,
			);
			defaultConfigurationIsVisible = 0;
			defaultConfigurationName = Release;
		};
/* End XCConfigurationList section */
	};
	rootObject = BA624FE01B58A21200A14DCB /* Project object */;
}
