// !$*UTF8*$!
{
	archiveVersion = 1;
	classes = {
	};
	objectVersion = 46;
	objects = {

/* Begin PBXBuildFile section */
		BA195E161B66F41500712945 /* main.m in Sources */ = {isa = PBXBuildFile; fileRef = BA195E151B66F41500712945 /* main.m */; };
		BA195E191B66F41500712945 /* AppDelegate.m in Sources */ = {isa = PBXBuildFile; fileRef = BA195E181B66F41500712945 /* AppDelegate.m */; };
		BA195E1C1B66F41500712945 /* GameScene.m in Sources */ = {isa = PBXBuildFile; fileRef = BA195E1B1B66F41500712945 /* GameScene.m */; };
		BA195E1E1B66F41500712945 /* GameScene.sks in Resources */ = {isa = PBXBuildFile; fileRef = BA195E1D1B66F41500712945 /* GameScene.sks */; };
		BA195E211B66F41500712945 /* GameViewController.m in Sources */ = {isa = PBXBuildFile; fileRef = BA195E201B66F41500712945 /* GameViewController.m */; };
		BA195E241B66F41600712945 /* Main.storyboard in Resources */ = {isa = PBXBuildFile; fileRef = BA195E221B66F41600712945 /* Main.storyboard */; };
		BA195E261B66F41600712945 /* Images.xcassets in Resources */ = {isa = PBXBuildFile; fileRef = BA195E251B66F41600712945 /* Images.xcassets */; };
		BA195E291B66F41600712945 /* LaunchScreen.xib in Resources */ = {isa = PBXBuildFile; fileRef = BA195E271B66F41600712945 /* LaunchScreen.xib */; };
		BA195E351B66F41600712945 /* MGDProject4Tests.m in Sources */ = {isa = PBXBuildFile; fileRef = BA195E341B66F41600712945 /* MGDProject4Tests.m */; };
		BA195E401B684FA100712945 /* GameOverScene.m in Sources */ = {isa = PBXBuildFile; fileRef = BA195E3F1B684FA100712945 /* GameOverScene.m */; };
		BA195E431B68606D00712945 /* explosion_small.caf in Resources */ = {isa = PBXBuildFile; fileRef = BA195E411B68606D00712945 /* explosion_small.caf */; };
		BA195E441B68606D00712945 /* shake.caf in Resources */ = {isa = PBXBuildFile; fileRef = BA195E421B68606D00712945 /* shake.caf */; };
		BA195E471B6873FF00712945 /* GameWinScene.m in Sources */ = {isa = PBXBuildFile; fileRef = BA195E461B6873FF00712945 /* GameWinScene.m */; };
		BA195E4A1B687DDE00712945 /* MainMenu.m in Sources */ = {isa = PBXBuildFile; fileRef = BA195E491B687DDE00712945 /* MainMenu.m */; };
		BA195E4D1B6AE08D00712945 /* Credits.m in Sources */ = {isa = PBXBuildFile; fileRef = BA195E4C1B6AE08D00712945 /* Credits.m */; };
		BA195E501B6AE0C200712945 /* Tutorial.m in Sources */ = {isa = PBXBuildFile; fileRef = BA195E4F1B6AE0C200712945 /* Tutorial.m */; };
		BA195E541B6B16B400712945 /* o-HEDGE-MAZE-900.png in Resources */ = {isa = PBXBuildFile; fileRef = BA195E531B6B16B400712945 /* o-HEDGE-MAZE-900.png */; };
		BA195E581B6B180400712945 /* 3_gaengig_3_achsig_quadrat.png in Resources */ = {isa = PBXBuildFile; fileRef = BA195E571B6B180400712945 /* 3_gaengig_3_achsig_quadrat.png */; };
/* End PBXBuildFile section */

/* Begin PBXContainerItemProxy section */
		BA195E2F1B66F41600712945 /* PBXContainerItemProxy */ = {
			isa = PBXContainerItemProxy;
			containerPortal = BA195E081B66F41500712945 /* Project object */;
			proxyType = 1;
			remoteGlobalIDString = BA195E0F1B66F41500712945;
			remoteInfo = MGDProject4;
		};
/* End PBXContainerItemProxy section */

/* Begin PBXFileReference section */
		BA195E101B66F41500712945 /* MGDProject4.app */ = {isa = PBXFileReference; explicitFileType = wrapper.application; includeInIndex = 0; path = MGDProject4.app; sourceTree = BUILT_PRODUCTS_DIR; };
		BA195E141B66F41500712945 /* Info.plist */ = {isa = PBXFileReference; lastKnownFileType = text.plist.xml; path = Info.plist; sourceTree = "<group>"; };
		BA195E151B66F41500712945 /* main.m */ = {isa = PBXFileReference; lastKnownFileType = sourcecode.c.objc; path = main.m; sourceTree = "<group>"; };
		BA195E171B66F41500712945 /* AppDelegate.h */ = {isa = PBXFileReference; lastKnownFileType = sourcecode.c.h; path = AppDelegate.h; sourceTree = "<group>"; };
		BA195E181B66F41500712945 /* AppDelegate.m */ = {isa = PBXFileReference; lastKnownFileType = sourcecode.c.objc; path = AppDelegate.m; sourceTree = "<group>"; };
		BA195E1A1B66F41500712945 /* GameScene.h */ = {isa = PBXFileReference; lastKnownFileType = sourcecode.c.h; path = GameScene.h; sourceTree = "<group>"; };
		BA195E1B1B66F41500712945 /* GameScene.m */ = {isa = PBXFileReference; lastKnownFileType = sourcecode.c.objc; path = GameScene.m; sourceTree = "<group>"; };
		BA195E1D1B66F41500712945 /* GameScene.sks */ = {isa = PBXFileReference; lastKnownFileType = file.sks; path = GameScene.sks; sourceTree = "<group>"; };
		BA195E1F1B66F41500712945 /* GameViewController.h */ = {isa = PBXFileReference; lastKnownFileType = sourcecode.c.h; path = GameViewController.h; sourceTree = "<group>"; };
		BA195E201B66F41500712945 /* GameViewController.m */ = {isa = PBXFileReference; lastKnownFileType = sourcecode.c.objc; path = GameViewController.m; sourceTree = "<group>"; };
		BA195E231B66F41600712945 /* Base */ = {isa = PBXFileReference; lastKnownFileType = file.storyboard; name = Base; path = Base.lproj/Main.storyboard; sourceTree = "<group>"; };
		BA195E251B66F41600712945 /* Images.xcassets */ = {isa = PBXFileReference; lastKnownFileType = folder.assetcatalog; path = Images.xcassets; sourceTree = "<group>"; };
		BA195E281B66F41600712945 /* Base */ = {isa = PBXFileReference; lastKnownFileType = file.xib; name = Base; path = Base.lproj/LaunchScreen.xib; sourceTree = "<group>"; };
		BA195E2E1B66F41600712945 /* MGDProject4Tests.xctest */ = {isa = PBXFileReference; explicitFileType = wrapper.cfbundle; includeInIndex = 0; path = MGDProject4Tests.xctest; sourceTree = BUILT_PRODUCTS_DIR; };
		BA195E331B66F41600712945 /* Info.plist */ = {isa = PBXFileReference; lastKnownFileType = text.plist.xml; path = Info.plist; sourceTree = "<group>"; };
		BA195E341B66F41600712945 /* MGDProject4Tests.m */ = {isa = PBXFileReference; lastKnownFileType = sourcecode.c.objc; path = MGDProject4Tests.m; sourceTree = "<group>"; };
		BA195E3E1B684FA100712945 /* GameOverScene.h */ = {isa = PBXFileReference; fileEncoding = 4; lastKnownFileType = sourcecode.c.h; path = GameOverScene.h; sourceTree = "<group>"; };
		BA195E3F1B684FA100712945 /* GameOverScene.m */ = {isa = PBXFileReference; fileEncoding = 4; lastKnownFileType = sourcecode.c.objc; path = GameOverScene.m; sourceTree = "<group>"; };
		BA195E411B68606D00712945 /* explosion_small.caf */ = {isa = PBXFileReference; lastKnownFileType = file; name = explosion_small.caf; path = ../explosion_small.caf; sourceTree = "<group>"; };
		BA195E421B68606D00712945 /* shake.caf */ = {isa = PBXFileReference; lastKnownFileType = file; name = shake.caf; path = ../shake.caf; sourceTree = "<group>"; };
		BA195E451B6873FF00712945 /* GameWinScene.h */ = {isa = PBXFileReference; fileEncoding = 4; lastKnownFileType = sourcecode.c.h; path = GameWinScene.h; sourceTree = "<group>"; };
		BA195E461B6873FF00712945 /* GameWinScene.m */ = {isa = PBXFileReference; fileEncoding = 4; lastKnownFileType = sourcecode.c.objc; path = GameWinScene.m; sourceTree = "<group>"; };
		BA195E481B687DDE00712945 /* MainMenu.h */ = {isa = PBXFileReference; fileEncoding = 4; lastKnownFileType = sourcecode.c.h; name = MainMenu.h; path = ../MainMenu.h; sourceTree = "<group>"; };
		BA195E491B687DDE00712945 /* MainMenu.m */ = {isa = PBXFileReference; fileEncoding = 4; lastKnownFileType = sourcecode.c.objc; name = MainMenu.m; path = ../MainMenu.m; sourceTree = "<group>"; };
		BA195E4B1B6AE08D00712945 /* Credits.h */ = {isa = PBXFileReference; fileEncoding = 4; lastKnownFileType = sourcecode.c.h; path = Credits.h; sourceTree = "<group>"; };
		BA195E4C1B6AE08D00712945 /* Credits.m */ = {isa = PBXFileReference; fileEncoding = 4; lastKnownFileType = sourcecode.c.objc; path = Credits.m; sourceTree = "<group>"; };
		BA195E4E1B6AE0C200712945 /* Tutorial.h */ = {isa = PBXFileReference; fileEncoding = 4; lastKnownFileType = sourcecode.c.h; path = Tutorial.h; sourceTree = "<group>"; };
		BA195E4F1B6AE0C200712945 /* Tutorial.m */ = {isa = PBXFileReference; fileEncoding = 4; lastKnownFileType = sourcecode.c.objc; path = Tutorial.m; sourceTree = "<group>"; };
		BA195E531B6B16B400712945 /* o-HEDGE-MAZE-900.png */ = {isa = PBXFileReference; lastKnownFileType = image.png; name = "o-HEDGE-MAZE-900.png"; path = "../o-HEDGE-MAZE-900.png"; sourceTree = "<group>"; };
		BA195E571B6B180400712945 /* 3_gaengig_3_achsig_quadrat.png */ = {isa = PBXFileReference; lastKnownFileType = image.png; name = 3_gaengig_3_achsig_quadrat.png; path = ../3_gaengig_3_achsig_quadrat.png; sourceTree = "<group>"; };
/* End PBXFileReference section */

/* Begin PBXFrameworksBuildPhase section */
		BA195E0D1B66F41500712945 /* Frameworks */ = {
			isa = PBXFrameworksBuildPhase;
			buildActionMask = 2147483647;
			files = (
			);
			runOnlyForDeploymentPostprocessing = 0;
		};
		BA195E2B1B66F41600712945 /* Frameworks */ = {
			isa = PBXFrameworksBuildPhase;
			buildActionMask = 2147483647;
			files = (
			);
			runOnlyForDeploymentPostprocessing = 0;
		};
/* End PBXFrameworksBuildPhase section */

/* Begin PBXGroup section */
		BA195E071B66F41500712945 = {
			isa = PBXGroup;
			children = (
				BA195E121B66F41500712945 /* MGDProject4 */,
				BA195E311B66F41600712945 /* MGDProject4Tests */,
				BA195E111B66F41500712945 /* Products */,
			);
			sourceTree = "<group>";
		};
		BA195E111B66F41500712945 /* Products */ = {
			isa = PBXGroup;
			children = (
				BA195E101B66F41500712945 /* MGDProject4.app */,
				BA195E2E1B66F41600712945 /* MGDProject4Tests.xctest */,
			);
			name = Products;
			sourceTree = "<group>";
		};
		BA195E121B66F41500712945 /* MGDProject4 */ = {
			isa = PBXGroup;
			children = (
				BA195E171B66F41500712945 /* AppDelegate.h */,
				BA195E181B66F41500712945 /* AppDelegate.m */,
				BA195E1A1B66F41500712945 /* GameScene.h */,
				BA195E1B1B66F41500712945 /* GameScene.m */,
				BA195E451B6873FF00712945 /* GameWinScene.h */,
				BA195E461B6873FF00712945 /* GameWinScene.m */,
				BA195E3E1B684FA100712945 /* GameOverScene.h */,
				BA195E3F1B684FA100712945 /* GameOverScene.m */,
				BA195E481B687DDE00712945 /* MainMenu.h */,
				BA195E491B687DDE00712945 /* MainMenu.m */,
				BA195E4B1B6AE08D00712945 /* Credits.h */,
				BA195E4C1B6AE08D00712945 /* Credits.m */,
				BA195E4E1B6AE0C200712945 /* Tutorial.h */,
				BA195E4F1B6AE0C200712945 /* Tutorial.m */,
				BA195E1D1B66F41500712945 /* GameScene.sks */,
				BA195E1F1B66F41500712945 /* GameViewController.h */,
				BA195E201B66F41500712945 /* GameViewController.m */,
				BA195E531B6B16B400712945 /* o-HEDGE-MAZE-900.png */,
				BA195E571B6B180400712945 /* 3_gaengig_3_achsig_quadrat.png */,
				BA195E411B68606D00712945 /* explosion_small.caf */,
				BA195E421B68606D00712945 /* shake.caf */,
				BA195E221B66F41600712945 /* Main.storyboard */,
				BA195E251B66F41600712945 /* Images.xcassets */,
				BA195E271B66F41600712945 /* LaunchScreen.xib */,
				BA195E131B66F41500712945 /* Supporting Files */,
			);
			path = MGDProject4;
			sourceTree = "<group>";
		};
		BA195E131B66F41500712945 /* Supporting Files */ = {
			isa = PBXGroup;
			children = (
				BA195E141B66F41500712945 /* Info.plist */,
				BA195E151B66F41500712945 /* main.m */,
			);
			name = "Supporting Files";
			sourceTree = "<group>";
		};
		BA195E311B66F41600712945 /* MGDProject4Tests */ = {
			isa = PBXGroup;
			children = (
				BA195E341B66F41600712945 /* MGDProject4Tests.m */,
				BA195E321B66F41600712945 /* Supporting Files */,
			);
			path = MGDProject4Tests;
			sourceTree = "<group>";
		};
		BA195E321B66F41600712945 /* Supporting Files */ = {
			isa = PBXGroup;
			children = (
				BA195E331B66F41600712945 /* Info.plist */,
			);
			name = "Supporting Files";
			sourceTree = "<group>";
		};
/* End PBXGroup section */

/* Begin PBXNativeTarget section */
		BA195E0F1B66F41500712945 /* MGDProject4 */ = {
			isa = PBXNativeTarget;
			buildConfigurationList = BA195E381B66F41600712945 /* Build configuration list for PBXNativeTarget "MGDProject4" */;
			buildPhases = (
				BA195E0C1B66F41500712945 /* Sources */,
				BA195E0D1B66F41500712945 /* Frameworks */,
				BA195E0E1B66F41500712945 /* Resources */,
			);
			buildRules = (
			);
			dependencies = (
			);
			name = MGDProject4;
			productName = MGDProject4;
			productReference = BA195E101B66F41500712945 /* MGDProject4.app */;
			productType = "com.apple.product-type.application";
		};
		BA195E2D1B66F41600712945 /* MGDProject4Tests */ = {
			isa = PBXNativeTarget;
			buildConfigurationList = BA195E3B1B66F41600712945 /* Build configuration list for PBXNativeTarget "MGDProject4Tests" */;
			buildPhases = (
				BA195E2A1B66F41600712945 /* Sources */,
				BA195E2B1B66F41600712945 /* Frameworks */,
				BA195E2C1B66F41600712945 /* Resources */,
			);
			buildRules = (
			);
			dependencies = (
				BA195E301B66F41600712945 /* PBXTargetDependency */,
			);
			name = MGDProject4Tests;
			productName = MGDProject4Tests;
			productReference = BA195E2E1B66F41600712945 /* MGDProject4Tests.xctest */;
			productType = "com.apple.product-type.bundle.unit-test";
		};
/* End PBXNativeTarget section */

/* Begin PBXProject section */
		BA195E081B66F41500712945 /* Project object */ = {
			isa = PBXProject;
			attributes = {
				LastUpgradeCheck = 0640;
				ORGANIZATIONNAME = "Brenna Pavlinchak";
				TargetAttributes = {
					BA195E0F1B66F41500712945 = {
						CreatedOnToolsVersion = 6.4;
					};
					BA195E2D1B66F41600712945 = {
						CreatedOnToolsVersion = 6.4;
						TestTargetID = BA195E0F1B66F41500712945;
					};
				};
			};
			buildConfigurationList = BA195E0B1B66F41500712945 /* Build configuration list for PBXProject "MGDProject4" */;
			compatibilityVersion = "Xcode 3.2";
			developmentRegion = English;
			hasScannedForEncodings = 0;
			knownRegions = (
				en,
				Base,
			);
			mainGroup = BA195E071B66F41500712945;
			productRefGroup = BA195E111B66F41500712945 /* Products */;
			projectDirPath = "";
			projectRoot = "";
			targets = (
				BA195E0F1B66F41500712945 /* MGDProject4 */,
				BA195E2D1B66F41600712945 /* MGDProject4Tests */,
			);
		};
/* End PBXProject section */

/* Begin PBXResourcesBuildPhase section */
		BA195E0E1B66F41500712945 /* Resources */ = {
			isa = PBXResourcesBuildPhase;
			buildActionMask = 2147483647;
			files = (
				BA195E291B66F41600712945 /* LaunchScreen.xib in Resources */,
				BA195E441B68606D00712945 /* shake.caf in Resources */,
				BA195E261B66F41600712945 /* Images.xcassets in Resources */,
				BA195E431B68606D00712945 /* explosion_small.caf in Resources */,
				BA195E1E1B66F41500712945 /* GameScene.sks in Resources */,
				BA195E541B6B16B400712945 /* o-HEDGE-MAZE-900.png in Resources */,
				BA195E581B6B180400712945 /* 3_gaengig_3_achsig_quadrat.png in Resources */,
				BA195E241B66F41600712945 /* Main.storyboard in Resources */,
			);
			runOnlyForDeploymentPostprocessing = 0;
		};
		BA195E2C1B66F41600712945 /* Resources */ = {
			isa = PBXResourcesBuildPhase;
			buildActionMask = 2147483647;
			files = (
			);
			runOnlyForDeploymentPostprocessing = 0;
		};
/* End PBXResourcesBuildPhase section */

/* Begin PBXSourcesBuildPhase section */
		BA195E0C1B66F41500712945 /* Sources */ = {
			isa = PBXSourcesBuildPhase;
			buildActionMask = 2147483647;
			files = (
				BA195E4A1B687DDE00712945 /* MainMenu.m in Sources */,
				BA195E211B66F41500712945 /* GameViewController.m in Sources */,
				BA195E4D1B6AE08D00712945 /* Credits.m in Sources */,
				BA195E191B66F41500712945 /* AppDelegate.m in Sources */,
				BA195E1C1B66F41500712945 /* GameScene.m in Sources */,
				BA195E471B6873FF00712945 /* GameWinScene.m in Sources */,
				BA195E161B66F41500712945 /* main.m in Sources */,
				BA195E401B684FA100712945 /* GameOverScene.m in Sources */,
				BA195E501B6AE0C200712945 /* Tutorial.m in Sources */,
			);
			runOnlyForDeploymentPostprocessing = 0;
		};
		BA195E2A1B66F41600712945 /* Sources */ = {
			isa = PBXSourcesBuildPhase;
			buildActionMask = 2147483647;
			files = (
				BA195E351B66F41600712945 /* MGDProject4Tests.m in Sources */,
			);
			runOnlyForDeploymentPostprocessing = 0;
		};
/* End PBXSourcesBuildPhase section */

/* Begin PBXTargetDependency section */
		BA195E301B66F41600712945 /* PBXTargetDependency */ = {
			isa = PBXTargetDependency;
			target = BA195E0F1B66F41500712945 /* MGDProject4 */;
			targetProxy = BA195E2F1B66F41600712945 /* PBXContainerItemProxy */;
		};
/* End PBXTargetDependency section */

/* Begin PBXVariantGroup section */
		BA195E221B66F41600712945 /* Main.storyboard */ = {
			isa = PBXVariantGroup;
			children = (
				BA195E231B66F41600712945 /* Base */,
			);
			name = Main.storyboard;
			sourceTree = "<group>";
		};
		BA195E271B66F41600712945 /* LaunchScreen.xib */ = {
			isa = PBXVariantGroup;
			children = (
				BA195E281B66F41600712945 /* Base */,
			);
			name = LaunchScreen.xib;
			sourceTree = "<group>";
		};
/* End PBXVariantGroup section */

/* Begin XCBuildConfiguration section */
		BA195E361B66F41600712945 /* Debug */ = {
			isa = XCBuildConfiguration;
			buildSettings = {
				ALWAYS_SEARCH_USER_PATHS = NO;
				CLANG_CXX_LANGUAGE_STANDARD = "gnu++0x";
				CLANG_CXX_LIBRARY = "libc++";
				CLANG_ENABLE_MODULES = YES;
				CLANG_ENABLE_OBJC_ARC = YES;
				CLANG_WARN_BOOL_CONVERSION = YES;
				CLANG_WARN_CONSTANT_CONVERSION = YES;
				CLANG_WARN_DIRECT_OBJC_ISA_USAGE = YES_ERROR;
				CLANG_WARN_EMPTY_BODY = YES;
				CLANG_WARN_ENUM_CONVERSION = YES;
				CLANG_WARN_INT_CONVERSION = YES;
				CLANG_WARN_OBJC_ROOT_CLASS = YES_ERROR;
				CLANG_WARN_UNREACHABLE_CODE = YES;
				CLANG_WARN__DUPLICATE_METHOD_MATCH = YES;
				"CODE_SIGN_IDENTITY[sdk=iphoneos*]" = "iPhone Developer";
				COPY_PHASE_STRIP = NO;
				DEBUG_INFORMATION_FORMAT = "dwarf-with-dsym";
				ENABLE_STRICT_OBJC_MSGSEND = YES;
				GCC_C_LANGUAGE_STANDARD = gnu99;
				GCC_DYNAMIC_NO_PIC = NO;
				GCC_NO_COMMON_BLOCKS = YES;
				GCC_OPTIMIZATION_LEVEL = 0;
				GCC_PREPROCESSOR_DEFINITIONS = (
					"DEBUG=1",
					"$(inherited)",
				);
				GCC_SYMBOLS_PRIVATE_EXTERN = NO;
				GCC_WARN_64_TO_32_BIT_CONVERSION = YES;
				GCC_WARN_ABOUT_RETURN_TYPE = YES_ERROR;
				GCC_WARN_UNDECLARED_SELECTOR = YES;
				GCC_WARN_UNINITIALIZED_AUTOS = YES_AGGRESSIVE;
				GCC_WARN_UNUSED_FUNCTION = YES;
				GCC_WARN_UNUSED_VARIABLE = YES;
				IPHONEOS_DEPLOYMENT_TARGET = 8.4;
				MTL_ENABLE_DEBUG_INFO = YES;
				ONLY_ACTIVE_ARCH = YES;
				SDKROOT = iphoneos;
			};
			name = Debug;
		};
		BA195E371B66F41600712945 /* Release */ = {
			isa = XCBuildConfiguration;
			buildSettings = {
				ALWAYS_SEARCH_USER_PATHS = NO;
				CLANG_CXX_LANGUAGE_STANDARD = "gnu++0x";
				CLANG_CXX_LIBRARY = "libc++";
				CLANG_ENABLE_MODULES = YES;
				CLANG_ENABLE_OBJC_ARC = YES;
				CLANG_WARN_BOOL_CONVERSION = YES;
				CLANG_WARN_CONSTANT_CONVERSION = YES;
				CLANG_WARN_DIRECT_OBJC_ISA_USAGE = YES_ERROR;
				CLANG_WARN_EMPTY_BODY = YES;
				CLANG_WARN_ENUM_CONVERSION = YES;
				CLANG_WARN_INT_CONVERSION = YES;
				CLANG_WARN_OBJC_ROOT_CLASS = YES_ERROR;
				CLANG_WARN_UNREACHABLE_CODE = YES;
				CLANG_WARN__DUPLICATE_METHOD_MATCH = YES;
				"CODE_SIGN_IDENTITY[sdk=iphoneos*]" = "iPhone Developer";
				COPY_PHASE_STRIP = NO;
				DEBUG_INFORMATION_FORMAT = "dwarf-with-dsym";
				ENABLE_NS_ASSERTIONS = NO;
				ENABLE_STRICT_OBJC_MSGSEND = YES;
				GCC_C_LANGUAGE_STANDARD = gnu99;
				GCC_NO_COMMON_BLOCKS = YES;
				GCC_WARN_64_TO_32_BIT_CONVERSION = YES;
				GCC_WARN_ABOUT_RETURN_TYPE = YES_ERROR;
				GCC_WARN_UNDECLARED_SELECTOR = YES;
				GCC_WARN_UNINITIALIZED_AUTOS = YES_AGGRESSIVE;
				GCC_WARN_UNUSED_FUNCTION = YES;
				GCC_WARN_UNUSED_VARIABLE = YES;
				IPHONEOS_DEPLOYMENT_TARGET = 8.4;
				MTL_ENABLE_DEBUG_INFO = NO;
				SDKROOT = iphoneos;
				VALIDATE_PRODUCT = YES;
			};
			name = Release;
		};
		BA195E391B66F41600712945 /* Debug */ = {
			isa = XCBuildConfiguration;
			buildSettings = {
				ASSETCATALOG_COMPILER_APPICON_NAME = AppIcon;
				INFOPLIST_FILE = MGDProject4/Info.plist;
				LD_RUNPATH_SEARCH_PATHS = "$(inherited) @executable_path/Frameworks";
				PRODUCT_NAME = "$(TARGET_NAME)";
				TARGETED_DEVICE_FAMILY = "1,2";
			};
			name = Debug;
		};
		BA195E3A1B66F41600712945 /* Release */ = {
			isa = XCBuildConfiguration;
			buildSettings = {
				ASSETCATALOG_COMPILER_APPICON_NAME = AppIcon;
				INFOPLIST_FILE = MGDProject4/Info.plist;
				LD_RUNPATH_SEARCH_PATHS = "$(inherited) @executable_path/Frameworks";
				PRODUCT_NAME = "$(TARGET_NAME)";
				TARGETED_DEVICE_FAMILY = "1,2";
			};
			name = Release;
		};
		BA195E3C1B66F41600712945 /* Debug */ = {
			isa = XCBuildConfiguration;
			buildSettings = {
				BUNDLE_LOADER = "$(TEST_HOST)";
				FRAMEWORK_SEARCH_PATHS = (
					"$(SDKROOT)/Developer/Library/Frameworks",
					"$(inherited)",
				);
				GCC_PREPROCESSOR_DEFINITIONS = (
					"DEBUG=1",
					"$(inherited)",
				);
				INFOPLIST_FILE = MGDProject4Tests/Info.plist;
				LD_RUNPATH_SEARCH_PATHS = "$(inherited) @executable_path/Frameworks @loader_path/Frameworks";
				PRODUCT_NAME = "$(TARGET_NAME)";
				TEST_HOST = "$(BUILT_PRODUCTS_DIR)/MGDProject4.app/MGDProject4";
			};
			name = Debug;
		};
		BA195E3D1B66F41600712945 /* Release */ = {
			isa = XCBuildConfiguration;
			buildSettings = {
				BUNDLE_LOADER = "$(TEST_HOST)";
				FRAMEWORK_SEARCH_PATHS = (
					"$(SDKROOT)/Developer/Library/Frameworks",
					"$(inherited)",
				);
				INFOPLIST_FILE = MGDProject4Tests/Info.plist;
				LD_RUNPATH_SEARCH_PATHS = "$(inherited) @executable_path/Frameworks @loader_path/Frameworks";
				PRODUCT_NAME = "$(TARGET_NAME)";
				TEST_HOST = "$(BUILT_PRODUCTS_DIR)/MGDProject4.app/MGDProject4";
			};
			name = Release;
		};
/* End XCBuildConfiguration section */

/* Begin XCConfigurationList section */
		BA195E0B1B66F41500712945 /* Build configuration list for PBXProject "MGDProject4" */ = {
			isa = XCConfigurationList;
			buildConfigurations = (
				BA195E361B66F41600712945 /* Debug */,
				BA195E371B66F41600712945 /* Release */,
			);
			defaultConfigurationIsVisible = 0;
			defaultConfigurationName = Release;
		};
		BA195E381B66F41600712945 /* Build configuration list for PBXNativeTarget "MGDProject4" */ = {
			isa = XCConfigurationList;
			buildConfigurations = (
				BA195E391B66F41600712945 /* Debug */,
				BA195E3A1B66F41600712945 /* Release */,
			);
			defaultConfigurationIsVisible = 0;
		};
		BA195E3B1B66F41600712945 /* Build configuration list for PBXNativeTarget "MGDProject4Tests" */ = {
			isa = XCConfigurationList;
			buildConfigurations = (
				BA195E3C1B66F41600712945 /* Debug */,
				BA195E3D1B66F41600712945 /* Release */,
			);
			defaultConfigurationIsVisible = 0;
		};
/* End XCConfigurationList section */
	};
	rootObject = BA195E081B66F41500712945 /* Project object */;
}
